
Microsoft Visual Studio Solution File, Format Version 12.00
# Visual Studio Version 17
VisualStudioVersion = 17.10.34916.146
MinimumVisualStudioVersion = 10.0.40219.1
Project("{FAE04EC0-301F-11D3-BF4B-00C04F79EFBC}") = "IndigoExam", "IndigoExam\IndigoExam.csproj", "{66B27AA3-9BFB-4E30-AD05-9B75AA5AA7CD}"
EndProject
Global
	GlobalSection(SolutionConfigurationPlatforms) = preSolution
		Debug|Any CPU = Debug|Any CPU
		Release|Any CPU = Release|Any CPU
	EndGlobalSection
	GlobalSection(ProjectConfigurationPlatforms) = postSolution
		{66B27AA3-9BFB-4E30-AD05-9B75AA5AA7CD}.Debug|Any CPU.ActiveCfg = Debug|Any CPU
		{66B27AA3-9BFB-4E30-AD05-9B75AA5AA7CD}.Debug|Any CPU.Build.0 = Debug|Any CPU
		{66B27AA3-9BFB-4E30-AD05-9B75AA5AA7CD}.Release|Any CPU.ActiveCfg = Release|Any CPU
		{66B27AA3-9BFB-4E30-AD05-9B75AA5AA7CD}.Release|Any CPU.Build.0 = Release|Any CPU
	EndGlobalSection
	GlobalSection(SolutionProperties) = preSolution
		HideSolutionNode = FALSE
	EndGlobalSection
	GlobalSection(ExtensibilityGlobals) = postSolution
		SolutionGuid = {054E6024-2E7E-4D67-A0B8-39170121BB16}
	EndGlobalSection
EndGlobal
